
Microsoft Visual Studio Solution File, Format Version 12.00
# Visual Studio Version 16
VisualStudioVersion = 16.0.30114.105
MinimumVisualStudioVersion = 10.0.40219.1
Project("{FAE04EC0-301F-11D3-BF4B-00C04F79EFBC}") = "CloudCustomers.API", "CloudCustomers.API\CloudCustomers.API.csproj", "{DB80386D-C387-4E39-84F6-1F28BEB4B4DE}"
EndProject
Project("{FAE04EC0-301F-11D3-BF4B-00C04F79EFBC}") = "CloudCustomers.UnitTests", "CloudCustomers.UnitTests\CloudCustomers.UnitTests.csproj", "{C93D92D5-7A73-4457-8C4A-93424AB48311}"
EndProject
Global
	GlobalSection(SolutionConfigurationPlatforms) = preSolution
		Debug|Any CPU = Debug|Any CPU
		Release|Any CPU = Release|Any CPU
	EndGlobalSection
	GlobalSection(SolutionProperties) = preSolution
		HideSolutionNode = FALSE
	EndGlobalSection
	GlobalSection(ProjectConfigurationPlatforms) = postSolution
		{DB80386D-C387-4E39-84F6-1F28BEB4B4DE}.Debug|Any CPU.ActiveCfg = Debug|Any CPU
		{DB80386D-C387-4E39-84F6-1F28BEB4B4DE}.Debug|Any CPU.Build.0 = Debug|Any CPU
		{DB80386D-C387-4E39-84F6-1F28BEB4B4DE}.Release|Any CPU.ActiveCfg = Release|Any CPU
		{DB80386D-C387-4E39-84F6-1F28BEB4B4DE}.Release|Any CPU.Build.0 = Release|Any CPU
		{C93D92D5-7A73-4457-8C4A-93424AB48311}.Debug|Any CPU.ActiveCfg = Debug|Any CPU
		{C93D92D5-7A73-4457-8C4A-93424AB48311}.Debug|Any CPU.Build.0 = Debug|Any CPU
		{C93D92D5-7A73-4457-8C4A-93424AB48311}.Release|Any CPU.ActiveCfg = Release|Any CPU
		{C93D92D5-7A73-4457-8C4A-93424AB48311}.Release|Any CPU.Build.0 = Release|Any CPU
	EndGlobalSection
EndGlobal
